// !$*UTF8*$!
{
	archiveVersion = 1;
	classes = {
	};
	objectVersion = 46;
	objects = {

/* Begin PBXBuildFile section */
		C42AE28A1E06116D00A50A0A /* AppDelegate.swift in Sources */ = {isa = PBXBuildFile; fileRef = C42AE2891E06116D00A50A0A /* AppDelegate.swift */; };
		C42AE28C1E06116D00A50A0A /* ViewController.swift in Sources */ = {isa = PBXBuildFile; fileRef = C42AE28B1E06116D00A50A0A /* ViewController.swift */; };
		C42AE28F1E06116D00A50A0A /* Main.storyboard in Resources */ = {isa = PBXBuildFile; fileRef = C42AE28D1E06116D00A50A0A /* Main.storyboard */; };
		C42AE2911E06116D00A50A0A /* Assets.xcassets in Resources */ = {isa = PBXBuildFile; fileRef = C42AE2901E06116D00A50A0A /* Assets.xcassets */; };
		C42AE2941E06116D00A50A0A /* LaunchScreen.storyboard in Resources */ = {isa = PBXBuildFile; fileRef = C42AE2921E06116D00A50A0A /* LaunchScreen.storyboard */; };
		C42AE29F1E06116E00A50A0A /* NSUserDefaultsTests.swift in Sources */ = {isa = PBXBuildFile; fileRef = C42AE29E1E06116E00A50A0A /* NSUserDefaultsTests.swift */; };
		C42AE2AA1E06116E00A50A0A /* NSUserDefaultsUITests.swift in Sources */ = {isa = PBXBuildFile; fileRef = C42AE2A91E06116E00A50A0A /* NSUserDefaultsUITests.swift */; };
		C433D5871E0955C800E67525 /* Extension.swift in Sources */ = {isa = PBXBuildFile; fileRef = C433D5861E0955C800E67525 /* Extension.swift */; };
/* End PBXBuildFile section */

/* Begin PBXContainerItemProxy section */
		C42AE29B1E06116E00A50A0A /* PBXContainerItemProxy */ = {
			isa = PBXContainerItemProxy;
			containerPortal = C42AE27E1E06116D00A50A0A /* Project object */;
			proxyType = 1;
			remoteGlobalIDString = C42AE2851E06116D00A50A0A;
			remoteInfo = NSUserDefaults;
		};
		C42AE2A61E06116E00A50A0A /* PBXContainerItemProxy */ = {
			isa = PBXContainerItemProxy;
			containerPortal = C42AE27E1E06116D00A50A0A /* Project object */;
			proxyType = 1;
			remoteGlobalIDString = C42AE2851E06116D00A50A0A;
			remoteInfo = NSUserDefaults;
		};
/* End PBXContainerItemProxy section */

/* Begin PBXFileReference section */
		C42AE2861E06116D00A50A0A /* NSUserDefaults.app */ = {isa = PBXFileReference; explicitFileType = wrapper.application; includeInIndex = 0; path = NSUserDefaults.app; sourceTree = BUILT_PRODUCTS_DIR; };
		C42AE2891E06116D00A50A0A /* AppDelegate.swift */ = {isa = PBXFileReference; lastKnownFileType = sourcecode.swift; path = AppDelegate.swift; sourceTree = "<group>"; };
		C42AE28B1E06116D00A50A0A /* ViewController.swift */ = {isa = PBXFileReference; lastKnownFileType = sourcecode.swift; path = ViewController.swift; sourceTree = "<group>"; };
		C42AE28E1E06116D00A50A0A /* Base */ = {isa = PBXFileReference; lastKnownFileType = file.storyboard; name = Base; path = Base.lproj/Main.storyboard; sourceTree = "<group>"; };
		C42AE2901E06116D00A50A0A /* Assets.xcassets */ = {isa = PBXFileReference; lastKnownFileType = folder.assetcatalog; path = Assets.xcassets; sourceTree = "<group>"; };
		C42AE2931E06116D00A50A0A /* Base */ = {isa = PBXFileReference; lastKnownFileType = file.storyboard; name = Base; path = Base.lproj/LaunchScreen.storyboard; sourceTree = "<group>"; };
		C42AE2951E06116D00A50A0A /* Info.plist */ = {isa = PBXFileReference; lastKnownFileType = text.plist.xml; path = Info.plist; sourceTree = "<group>"; };
		C42AE29A1E06116E00A50A0A /* NSUserDefaultsTests.xctest */ = {isa = PBXFileReference; explicitFileType = wrapper.cfbundle; includeInIndex = 0; path = NSUserDefaultsTests.xctest; sourceTree = BUILT_PRODUCTS_DIR; };
		C42AE29E1E06116E00A50A0A /* NSUserDefaultsTests.swift */ = {isa = PBXFileReference; lastKnownFileType = sourcecode.swift; path = NSUserDefaultsTests.swift; sourceTree = "<group>"; };
		C42AE2A01E06116E00A50A0A /* Info.plist */ = {isa = PBXFileReference; lastKnownFileType = text.plist.xml; path = Info.plist; sourceTree = "<group>"; };
		C42AE2A51E06116E00A50A0A /* NSUserDefaultsUITests.xctest */ = {isa = PBXFileReference; explicitFileType = wrapper.cfbundle; includeInIndex = 0; path = NSUserDefaultsUITests.xctest; sourceTree = BUILT_PRODUCTS_DIR; };
		C42AE2A91E06116E00A50A0A /* NSUserDefaultsUITests.swift */ = {isa = PBXFileReference; lastKnownFileType = sourcecode.swift; path = NSUserDefaultsUITests.swift; sourceTree = "<group>"; };
		C42AE2AB1E06116E00A50A0A /* Info.plist */ = {isa = PBXFileReference; lastKnownFileType = text.plist.xml; path = Info.plist; sourceTree = "<group>"; };
		C433D5861E0955C800E67525 /* Extension.swift */ = {isa = PBXFileReference; fileEncoding = 4; lastKnownFileType = sourcecode.swift; path = Extension.swift; sourceTree = "<group>"; };
/* End PBXFileReference section */

/* Begin PBXFrameworksBuildPhase section */
		C42AE2831E06116D00A50A0A /* Frameworks */ = {
			isa = PBXFrameworksBuildPhase;
			buildActionMask = 2147483647;
			files = (
			);
			runOnlyForDeploymentPostprocessing = 0;
		};
		C42AE2971E06116E00A50A0A /* Frameworks */ = {
			isa = PBXFrameworksBuildPhase;
			buildActionMask = 2147483647;
			files = (
			);
			runOnlyForDeploymentPostprocessing = 0;
		};
		C42AE2A21E06116E00A50A0A /* Frameworks */ = {
			isa = PBXFrameworksBuildPhase;
			buildActionMask = 2147483647;
			files = (
			);
			runOnlyForDeploymentPostprocessing = 0;
		};
/* End PBXFrameworksBuildPhase section */

/* Begin PBXGroup section */
		C42AE27D1E06116D00A50A0A = {
			isa = PBXGroup;
			children = (
				C42AE2881E06116D00A50A0A /* NSUserDefaults */,
				C42AE29D1E06116E00A50A0A /* NSUserDefaultsTests */,
				C42AE2A81E06116E00A50A0A /* NSUserDefaultsUITests */,
				C42AE2871E06116D00A50A0A /* Products */,
			);
			sourceTree = "<group>";
		};
		C42AE2871E06116D00A50A0A /* Products */ = {
			isa = PBXGroup;
			children = (
				C42AE2861E06116D00A50A0A /* NSUserDefaults.app */,
				C42AE29A1E06116E00A50A0A /* NSUserDefaultsTests.xctest */,
				C42AE2A51E06116E00A50A0A /* NSUserDefaultsUITests.xctest */,
			);
			name = Products;
			sourceTree = "<group>";
		};
		C42AE2881E06116D00A50A0A /* NSUserDefaults */ = {
			isa = PBXGroup;
			children = (
				C42AE2891E06116D00A50A0A /* AppDelegate.swift */,
				C42AE28B1E06116D00A50A0A /* ViewController.swift */,
				C433D5861E0955C800E67525 /* Extension.swift */,
				C42AE28D1E06116D00A50A0A /* Main.storyboard */,
				C42AE2901E06116D00A50A0A /* Assets.xcassets */,
				C42AE2921E06116D00A50A0A /* LaunchScreen.storyboard */,
				C42AE2951E06116D00A50A0A /* Info.plist */,
			);
			path = NSUserDefaults;
			sourceTree = "<group>";
		};
		C42AE29D1E06116E00A50A0A /* NSUserDefaultsTests */ = {
			isa = PBXGroup;
			children = (
				C42AE29E1E06116E00A50A0A /* NSUserDefaultsTests.swift */,
				C42AE2A01E06116E00A50A0A /* Info.plist */,
			);
			path = NSUserDefaultsTests;
			sourceTree = "<group>";
		};
		C42AE2A81E06116E00A50A0A /* NSUserDefaultsUITests */ = {
			isa = PBXGroup;
			children = (
				C42AE2A91E06116E00A50A0A /* NSUserDefaultsUITests.swift */,
				C42AE2AB1E06116E00A50A0A /* Info.plist */,
			);
			path = NSUserDefaultsUITests;
			sourceTree = "<group>";
		};
/* End PBXGroup section */

/* Begin PBXNativeTarget section */
		C42AE2851E06116D00A50A0A /* NSUserDefaults */ = {
			isa = PBXNativeTarget;
			buildConfigurationList = C42AE2AE1E06116E00A50A0A /* Build configuration list for PBXNativeTarget "NSUserDefaults" */;
			buildPhases = (
				C42AE2821E06116D00A50A0A /* Sources */,
				C42AE2831E06116D00A50A0A /* Frameworks */,
				C42AE2841E06116D00A50A0A /* Resources */,
			);
			buildRules = (
			);
			dependencies = (
			);
			name = NSUserDefaults;
			productName = NSUserDefaults;
			productReference = C42AE2861E06116D00A50A0A /* NSUserDefaults.app */;
			productType = "com.apple.product-type.application";
		};
		C42AE2991E06116E00A50A0A /* NSUserDefaultsTests */ = {
			isa = PBXNativeTarget;
			buildConfigurationList = C42AE2B11E06116E00A50A0A /* Build configuration list for PBXNativeTarget "NSUserDefaultsTests" */;
			buildPhases = (
				C42AE2961E06116E00A50A0A /* Sources */,
				C42AE2971E06116E00A50A0A /* Frameworks */,
				C42AE2981E06116E00A50A0A /* Resources */,
			);
			buildRules = (
			);
			dependencies = (
				C42AE29C1E06116E00A50A0A /* PBXTargetDependency */,
			);
			name = NSUserDefaultsTests;
			productName = NSUserDefaultsTests;
			productReference = C42AE29A1E06116E00A50A0A /* NSUserDefaultsTests.xctest */;
			productType = "com.apple.product-type.bundle.unit-test";
		};
		C42AE2A41E06116E00A50A0A /* NSUserDefaultsUITests */ = {
			isa = PBXNativeTarget;
			buildConfigurationList = C42AE2B41E06116E00A50A0A /* Build configuration list for PBXNativeTarget "NSUserDefaultsUITests" */;
			buildPhases = (
				C42AE2A11E06116E00A50A0A /* Sources */,
				C42AE2A21E06116E00A50A0A /* Frameworks */,
				C42AE2A31E06116E00A50A0A /* Resources */,
			);
			buildRules = (
			);
			dependencies = (
				C42AE2A71E06116E00A50A0A /* PBXTargetDependency */,
			);
			name = NSUserDefaultsUITests;
			productName = NSUserDefaultsUITests;
			productReference = C42AE2A51E06116E00A50A0A /* NSUserDefaultsUITests.xctest */;
			productType = "com.apple.product-type.bundle.ui-testing";
		};
/* End PBXNativeTarget section */

/* Begin PBXProject section */
		C42AE27E1E06116D00A50A0A /* Project object */ = {
			isa = PBXProject;
			attributes = {
				LastSwiftUpdateCheck = 0810;
				LastUpgradeCheck = 0810;
				ORGANIZATIONNAME = BobtheDeveloper;
				TargetAttributes = {
					C42AE2851E06116D00A50A0A = {
						CreatedOnToolsVersion = 8.1;
						DevelopmentTeam = ZGB48G575M;
						ProvisioningStyle = Automatic;
					};
					C42AE2991E06116E00A50A0A = {
						CreatedOnToolsVersion = 8.1;
						DevelopmentTeam = ZGB48G575M;
						ProvisioningStyle = Automatic;
						TestTargetID = C42AE2851E06116D00A50A0A;
					};
					C42AE2A41E06116E00A50A0A = {
						CreatedOnToolsVersion = 8.1;
						DevelopmentTeam = ZGB48G575M;
						ProvisioningStyle = Automatic;
						TestTargetID = C42AE2851E06116D00A50A0A;
					};
				};
			};
			buildConfigurationList = C42AE2811E06116D00A50A0A /* Build configuration list for PBXProject "NSUserDefaults" */;
			compatibilityVersion = "Xcode 3.2";
			developmentRegion = English;
			hasScannedForEncodings = 0;
			knownRegions = (
				en,
				Base,
			);
			mainGroup = C42AE27D1E06116D00A50A0A;
			productRefGroup = C42AE2871E06116D00A50A0A /* Products */;
			projectDirPath = "";
			projectRoot = "";
			targets = (
				C42AE2851E06116D00A50A0A /* NSUserDefaults */,
				C42AE2991E06116E00A50A0A /* NSUserDefaultsTests */,
				C42AE2A41E06116E00A50A0A /* NSUserDefaultsUITests */,
			);
		};
/* End PBXProject section */

/* Begin PBXResourcesBuildPhase section */
		C42AE2841E06116D00A50A0A /* Resources */ = {
			isa = PBXResourcesBuildPhase;
			buildActionMask = 2147483647;
			files = (
				C42AE2941E06116D00A50A0A /* LaunchScreen.storyboard in Resources */,
				C42AE2911E06116D00A50A0A /* Assets.xcassets in Resources */,
				C42AE28F1E06116D00A50A0A /* Main.storyboard in Resources */,
			);
			runOnlyForDeploymentPostprocessing = 0;
		};
		C42AE2981E06116E00A50A0A /* Resources */ = {
			isa = PBXResourcesBuildPhase;
			buildActionMask = 2147483647;
			files = (
			);
			runOnlyForDeploymentPostprocessing = 0;
		};
		C42AE2A31E06116E00A50A0A /* Resources */ = {
			isa = PBXResourcesBuildPhase;
			buildActionMask = 2147483647;
			files = (
			);
			runOnlyForDeploymentPostprocessing = 0;
		};
/* End PBXResourcesBuildPhase section */

/* Begin PBXSourcesBuildPhase section */
		C42AE2821E06116D00A50A0A /* Sources */ = {
			isa = PBXSourcesBuildPhase;
			buildActionMask = 2147483647;
			files = (
				C42AE28C1E06116D00A50A0A /* ViewController.swift in Sources */,
				C42AE28A1E06116D00A50A0A /* AppDelegate.swift in Sources */,
				C433D5871E0955C800E67525 /* Extension.swift in Sources */,
			);
			runOnlyForDeploymentPostprocessing = 0;
		};
		C42AE2961E06116E00A50A0A /* Sources */ = {
			isa = PBXSourcesBuildPhase;
			buildActionMask = 2147483647;
			files = (
				C42AE29F1E06116E00A50A0A /* NSUserDefaultsTests.swift in Sources */,
			);
			runOnlyForDeploymentPostprocessing = 0;
		};
		C42AE2A11E06116E00A50A0A /* Sources */ = {
			isa = PBXSourcesBuildPhase;
			buildActionMask = 2147483647;
			files = (
				C42AE2AA1E06116E00A50A0A /* NSUserDefaultsUITests.swift in Sources */,
			);
			runOnlyForDeploymentPostprocessing = 0;
		};
/* End PBXSourcesBuildPhase section */

/* Begin PBXTargetDependency section */
		C42AE29C1E06116E00A50A0A /* PBXTargetDependency */ = {
			isa = PBXTargetDependency;
			target = C42AE2851E06116D00A50A0A /* NSUserDefaults */;
			targetProxy = C42AE29B1E06116E00A50A0A /* PBXContainerItemProxy */;
		};
		C42AE2A71E06116E00A50A0A /* PBXTargetDependency */ = {
			isa = PBXTargetDependency;
			target = C42AE2851E06116D00A50A0A /* NSUserDefaults */;
			targetProxy = C42AE2A61E06116E00A50A0A /* PBXContainerItemProxy */;
		};
/* End PBXTargetDependency section */

/* Begin PBXVariantGroup section */
		C42AE28D1E06116D00A50A0A /* Main.storyboard */ = {
			isa = PBXVariantGroup;
			children = (
				C42AE28E1E06116D00A50A0A /* Base */,
			);
			name = Main.storyboard;
			sourceTree = "<group>";
		};
		C42AE2921E06116D00A50A0A /* LaunchScreen.storyboard */ = {
			isa = PBXVariantGroup;
			children = (
				C42AE2931E06116D00A50A0A /* Base */,
			);
			name = LaunchScreen.storyboard;
			sourceTree = "<group>";
		};
/* End PBXVariantGroup section */

/* Begin XCBuildConfiguration section */
		C42AE2AC1E06116E00A50A0A /* Debug */ = {
			isa = XCBuildConfiguration;
			buildSettings = {
				ALWAYS_SEARCH_USER_PATHS = NO;
				CLANG_ANALYZER_NONNULL = YES;
				CLANG_CXX_LANGUAGE_STANDARD = "gnu++0x";
				CLANG_CXX_LIBRARY = "libc++";
				CLANG_ENABLE_MODULES = YES;
				CLANG_ENABLE_OBJC_ARC = YES;
				CLANG_WARN_BOOL_CONVERSION = YES;
				CLANG_WARN_CONSTANT_CONVERSION = YES;
				CLANG_WARN_DIRECT_OBJC_ISA_USAGE = YES_ERROR;
				CLANG_WARN_DOCUMENTATION_COMMENTS = YES;
				CLANG_WARN_EMPTY_BODY = YES;
				CLANG_WARN_ENUM_CONVERSION = YES;
				CLANG_WARN_INFINITE_RECURSION = YES;
				CLANG_WARN_INT_CONVERSION = YES;
				CLANG_WARN_OBJC_ROOT_CLASS = YES_ERROR;
				CLANG_WARN_SUSPICIOUS_MOVES = YES;
				CLANG_WARN_UNREACHABLE_CODE = YES;
				CLANG_WARN__DUPLICATE_METHOD_MATCH = YES;
				"CODE_SIGN_IDENTITY[sdk=iphoneos*]" = "iPhone Developer";
				COPY_PHASE_STRIP = NO;
				DEBUG_INFORMATION_FORMAT = dwarf;
				ENABLE_STRICT_OBJC_MSGSEND = YES;
				ENABLE_TESTABILITY = YES;
				GCC_C_LANGUAGE_STANDARD = gnu99;
				GCC_DYNAMIC_NO_PIC = NO;
				GCC_NO_COMMON_BLOCKS = YES;
				GCC_OPTIMIZATION_LEVEL = 0;
				GCC_PREPROCESSOR_DEFINITIONS = (
					"DEBUG=1",
					"$(inherited)",
				);
				GCC_WARN_64_TO_32_BIT_CONVERSION = YES;
				GCC_WARN_ABOUT_RETURN_TYPE = YES_ERROR;
				GCC_WARN_UNDECLARED_SELECTOR = YES;
				GCC_WARN_UNINITIALIZED_AUTOS = YES_AGGRESSIVE;
				GCC_WARN_UNUSED_FUNCTION = YES;
				GCC_WARN_UNUSED_VARIABLE = YES;
				IPHONEOS_DEPLOYMENT_TARGET = 10.1;
				MTL_ENABLE_DEBUG_INFO = YES;
				ONLY_ACTIVE_ARCH = YES;
				SDKROOT = iphoneos;
				SWIFT_ACTIVE_COMPILATION_CONDITIONS = DEBUG;
				SWIFT_OPTIMIZATION_LEVEL = "-Onone";
				TARGETED_DEVICE_FAMILY = "1,2";
			};
			name = Debug;
		};
		C42AE2AD1E06116E00A50A0A /* Release */ = {
			isa = XCBuildConfiguration;
			buildSettings = {
				ALWAYS_SEARCH_USER_PATHS = NO;
				CLANG_ANALYZER_NONNULL = YES;
				CLANG_CXX_LANGUAGE_STANDARD = "gnu++0x";
				CLANG_CXX_LIBRARY = "libc++";
				CLANG_ENABLE_MODULES = YES;
				CLANG_ENABLE_OBJC_ARC = YES;
				CLANG_WARN_BOOL_CONVERSION = YES;
				CLANG_WARN_CONSTANT_CONVERSION = YES;
				CLANG_WARN_DIRECT_OBJC_ISA_USAGE = YES_ERROR;
				CLANG_WARN_DOCUMENTATION_COMMENTS = YES;
				CLANG_WARN_EMPTY_BODY = YES;
				CLANG_WARN_ENUM_CONVERSION = YES;
				CLANG_WARN_INFINITE_RECURSION = YES;
				CLANG_WARN_INT_CONVERSION = YES;
				CLANG_WARN_OBJC_ROOT_CLASS = YES_ERROR;
				CLANG_WARN_SUSPICIOUS_MOVES = YES;
				CLANG_WARN_UNREACHABLE_CODE = YES;
				CLANG_WARN__DUPLICATE_METHOD_MATCH = YES;
				"CODE_SIGN_IDENTITY[sdk=iphoneos*]" = "iPhone Developer";
				COPY_PHASE_STRIP = NO;
				DEBUG_INFORMATION_FORMAT = "dwarf-with-dsym";
				ENABLE_NS_ASSERTIONS = NO;
				ENABLE_STRICT_OBJC_MSGSEND = YES;
				GCC_C_LANGUAGE_STANDARD = gnu99;
				GCC_NO_COMMON_BLOCKS = YES;
				GCC_WARN_64_TO_32_BIT_CONVERSION = YES;
				GCC_WARN_ABOUT_RETURN_TYPE = YES_ERROR;
				GCC_WARN_UNDECLARED_SELECTOR = YES;
				GCC_WARN_UNINITIALIZED_AUTOS = YES_AGGRESSIVE;
				GCC_WARN_UNUSED_FUNCTION = YES;
				GCC_WARN_UNUSED_VARIABLE = YES;
				IPHONEOS_DEPLOYMENT_TARGET = 10.1;
				MTL_ENABLE_DEBUG_INFO = NO;
				SDKROOT = iphoneos;
				SWIFT_OPTIMIZATION_LEVEL = "-Owholemodule";
				TARGETED_DEVICE_FAMILY = "1,2";
				VALIDATE_PRODUCT = YES;
			};
			name = Release;
		};
		C42AE2AF1E06116E00A50A0A /* Debug */ = {
			isa = XCBuildConfiguration;
			buildSettings = {
				ASSETCATALOG_COMPILER_APPICON_NAME = AppIcon;
				DEVELOPMENT_TEAM = ZGB48G575M;
				INFOPLIST_FILE = NSUserDefaults/Info.plist;
				LD_RUNPATH_SEARCH_PATHS = "$(inherited) @executable_path/Frameworks";
				PRODUCT_BUNDLE_IDENTIFIER = BobtheDeveloper.NSUserDefaults;
				PRODUCT_NAME = "$(TARGET_NAME)";
				SWIFT_VERSION = 3.0;
			};
			name = Debug;
		};
		C42AE2B01E06116E00A50A0A /* Release */ = {
			isa = XCBuildConfiguration;
			buildSettings = {
				ASSETCATALOG_COMPILER_APPICON_NAME = AppIcon;
				DEVELOPMENT_TEAM = ZGB48G575M;
				INFOPLIST_FILE = NSUserDefaults/Info.plist;
				LD_RUNPATH_SEARCH_PATHS = "$(inherited) @executable_path/Frameworks";
				PRODUCT_BUNDLE_IDENTIFIER = BobtheDeveloper.NSUserDefaults;
				PRODUCT_NAME = "$(TARGET_NAME)";
				SWIFT_VERSION = 3.0;
			};
			name = Release;
		};
		C42AE2B21E06116E00A50A0A /* Debug */ = {
			isa = XCBuildConfiguration;
			buildSettings = {
				ALWAYS_EMBED_SWIFT_STANDARD_LIBRARIES = YES;
				BUNDLE_LOADER = "$(TEST_HOST)";
				DEVELOPMENT_TEAM = ZGB48G575M;
				INFOPLIST_FILE = NSUserDefaultsTests/Info.plist;
				LD_RUNPATH_SEARCH_PATHS = "$(inherited) @executable_path/Frameworks @loader_path/Frameworks";
				PRODUCT_BUNDLE_IDENTIFIER = BobtheDeveloper.NSUserDefaultsTests;
				PRODUCT_NAME = "$(TARGET_NAME)";
				SWIFT_VERSION = 3.0;
				TEST_HOST = "$(BUILT_PRODUCTS_DIR)/NSUserDefaults.app/NSUserDefaults";
			};
			name = Debug;
		};
		C42AE2B31E06116E00A50A0A /* Release */ = {
			isa = XCBuildConfiguration;
			buildSettings = {
				ALWAYS_EMBED_SWIFT_STANDARD_LIBRARIES = YES;
				BUNDLE_LOADER = "$(TEST_HOST)";
				DEVELOPMENT_TEAM = ZGB48G575M;
				INFOPLIST_FILE = NSUserDefaultsTests/Info.plist;
				LD_RUNPATH_SEARCH_PATHS = "$(inherited) @executable_path/Frameworks @loader_path/Frameworks";
				PRODUCT_BUNDLE_IDENTIFIER = BobtheDeveloper.NSUserDefaultsTests;
				PRODUCT_NAME = "$(TARGET_NAME)";
				SWIFT_VERSION = 3.0;
				TEST_HOST = "$(BUILT_PRODUCTS_DIR)/NSUserDefaults.app/NSUserDefaults";
			};
			name = Release;
		};
		C42AE2B51E06116E00A50A0A /* Debug */ = {
			isa = XCBuildConfiguration;
			buildSettings = {
				ALWAYS_EMBED_SWIFT_STANDARD_LIBRARIES = YES;
				DEVELOPMENT_TEAM = ZGB48G575M;
				INFOPLIST_FILE = NSUserDefaultsUITests/Info.plist;
				LD_RUNPATH_SEARCH_PATHS = "$(inherited) @executable_path/Frameworks @loader_path/Frameworks";
				PRODUCT_BUNDLE_IDENTIFIER = BobtheDeveloper.NSUserDefaultsUITests;
				PRODUCT_NAME = "$(TARGET_NAME)";
				SWIFT_VERSION = 3.0;
				TEST_TARGET_NAME = NSUserDefaults;
			};
			name = Debug;
		};
		C42AE2B61E06116E00A50A0A /* Release */ = {
			isa = XCBuildConfiguration;
			buildSettings = {
				ALWAYS_EMBED_SWIFT_STANDARD_LIBRARIES = YES;
				DEVELOPMENT_TEAM = ZGB48G575M;
				INFOPLIST_FILE = NSUserDefaultsUITests/Info.plist;
				LD_RUNPATH_SEARCH_PATHS = "$(inherited) @executable_path/Frameworks @loader_path/Frameworks";
				PRODUCT_BUNDLE_IDENTIFIER = BobtheDeveloper.NSUserDefaultsUITests;
				PRODUCT_NAME = "$(TARGET_NAME)";
				SWIFT_VERSION = 3.0;
				TEST_TARGET_NAME = NSUserDefaults;
			};
			name = Release;
		};
/* End XCBuildConfiguration section */

/* Begin XCConfigurationList section */
		C42AE2811E06116D00A50A0A /* Build configuration list for PBXProject "NSUserDefaults" */ = {
			isa = XCConfigurationList;
			buildConfigurations = (
				C42AE2AC1E06116E00A50A0A /* Debug */,
				C42AE2AD1E06116E00A50A0A /* Release */,
			);
			defaultConfigurationIsVisible = 0;
			defaultConfigurationName = Release;
		};
		C42AE2AE1E06116E00A50A0A /* Build configuration list for PBXNativeTarget "NSUserDefaults" */ = {
			isa = XCConfigurationList;
			buildConfigurations = (
				C42AE2AF1E06116E00A50A0A /* Debug */,
				C42AE2B01E06116E00A50A0A /* Release */,
			);
			defaultConfigurationIsVisible = 0;
			defaultConfigurationName = Release;
		};
		C42AE2B11E06116E00A50A0A /* Build configuration list for PBXNativeTarget "NSUserDefaultsTests" */ = {
			isa = XCConfigurationList;
			buildConfigurations = (
				C42AE2B21E06116E00A50A0A /* Debug */,
				C42AE2B31E06116E00A50A0A /* Release */,
			);
			defaultConfigurationIsVisible = 0;
			defaultConfigurationName = Release;
		};
		C42AE2B41E06116E00A50A0A /* Build configuration list for PBXNativeTarget "NSUserDefaultsUITests" */ = {
			isa = XCConfigurationList;
			buildConfigurations = (
				C42AE2B51E06116E00A50A0A /* Debug */,
				C42AE2B61E06116E00A50A0A /* Release */,
			);
			defaultConfigurationIsVisible = 0;
			defaultConfigurationName = Release;
		};
/* End XCConfigurationList section */
	};
	rootObject = C42AE27E1E06116D00A50A0A /* Project object */;
}
